
Microsoft Visual Studio Solution File, Format Version 12.00
# Visual Studio Version 16
VisualStudioVersion = 16.0.30413.136
MinimumVisualStudioVersion = 10.0.40219.1
Project("{FAE04EC0-301F-11D3-BF4B-00C04F79EFBC}") = "Eje18", "Eje18\Eje18.csproj", "{22FA6598-1CA3-4BB1-8CA8-A923782D968A}"
EndProject
Project("{FAE04EC0-301F-11D3-BF4B-00C04F79EFBC}") = "Eje22", "Eje22\Eje22.csproj", "{25E23BCC-DFB8-4592-B7F9-D9DCBDBE3481}"
EndProject
Project("{FAE04EC0-301F-11D3-BF4B-00C04F79EFBC}") = "Eje12", "Eje12\Eje12.csproj", "{67E1133B-9D60-44B4-B0F2-732A8C2ADA21}"
EndProject
Global
	GlobalSection(SolutionConfigurationPlatforms) = preSolution
		Debug|Any CPU = Debug|Any CPU
		Release|Any CPU = Release|Any CPU
	EndGlobalSection
	GlobalSection(ProjectConfigurationPlatforms) = postSolution
		{22FA6598-1CA3-4BB1-8CA8-A923782D968A}.Debug|Any CPU.ActiveCfg = Debug|Any CPU
		{22FA6598-1CA3-4BB1-8CA8-A923782D968A}.Debug|Any CPU.Build.0 = Debug|Any CPU
		{22FA6598-1CA3-4BB1-8CA8-A923782D968A}.Release|Any CPU.ActiveCfg = Release|Any CPU
		{22FA6598-1CA3-4BB1-8CA8-A923782D968A}.Release|Any CPU.Build.0 = Release|Any CPU
		{25E23BCC-DFB8-4592-B7F9-D9DCBDBE3481}.Debug|Any CPU.ActiveCfg = Debug|Any CPU
		{25E23BCC-DFB8-4592-B7F9-D9DCBDBE3481}.Debug|Any CPU.Build.0 = Debug|Any CPU
		{25E23BCC-DFB8-4592-B7F9-D9DCBDBE3481}.Release|Any CPU.ActiveCfg = Release|Any CPU
		{25E23BCC-DFB8-4592-B7F9-D9DCBDBE3481}.Release|Any CPU.Build.0 = Release|Any CPU
		{67E1133B-9D60-44B4-B0F2-732A8C2ADA21}.Debug|Any CPU.ActiveCfg = Debug|Any CPU
		{67E1133B-9D60-44B4-B0F2-732A8C2ADA21}.Debug|Any CPU.Build.0 = Debug|Any CPU
		{67E1133B-9D60-44B4-B0F2-732A8C2ADA21}.Release|Any CPU.ActiveCfg = Release|Any CPU
		{67E1133B-9D60-44B4-B0F2-732A8C2ADA21}.Release|Any CPU.Build.0 = Release|Any CPU
	EndGlobalSection
	GlobalSection(SolutionProperties) = preSolution
		HideSolutionNode = FALSE
	EndGlobalSection
	GlobalSection(ExtensibilityGlobals) = postSolution
		SolutionGuid = {C0B0BF22-6365-47A6-9314-7701348FFAE1}
	EndGlobalSection
EndGlobal
