
Microsoft Visual Studio Solution File, Format Version 12.00
# Visual Studio Version 16
VisualStudioVersion = 16.0.30413.136
MinimumVisualStudioVersion = 10.0.40219.1
Project("{FAE04EC0-301F-11D3-BF4B-00C04F79EFBC}") = "MetodosOrdenamiento", "MetodosOrdenamiento\MetodosOrdenamiento.csproj", "{143A1B99-834C-4DBA-9F61-04A2B2133EE8}"
EndProject
Global
	GlobalSection(SolutionConfigurationPlatforms) = preSolution
		Debug|Any CPU = Debug|Any CPU
		Release|Any CPU = Release|Any CPU
	EndGlobalSection
	GlobalSection(ProjectConfigurationPlatforms) = postSolution
		{143A1B99-834C-4DBA-9F61-04A2B2133EE8}.Debug|Any CPU.ActiveCfg = Debug|Any CPU
		{143A1B99-834C-4DBA-9F61-04A2B2133EE8}.Debug|Any CPU.Build.0 = Debug|Any CPU
		{143A1B99-834C-4DBA-9F61-04A2B2133EE8}.Release|Any CPU.ActiveCfg = Release|Any CPU
		{143A1B99-834C-4DBA-9F61-04A2B2133EE8}.Release|Any CPU.Build.0 = Release|Any CPU
	EndGlobalSection
	GlobalSection(SolutionProperties) = preSolution
		HideSolutionNode = FALSE
	EndGlobalSection
	GlobalSection(ExtensibilityGlobals) = postSolution
		SolutionGuid = {01A746BA-9F38-4191-A858-16B88367B362}
	EndGlobalSection
EndGlobal
